// !$*UTF8*$!
{
	archiveVersion = 1;
	classes = {
	};
	objectVersion = 50;
	objects = {

/* Begin PBXBuildFile section */
		27732D4926AE01090013654F /* GameScene+Camera.swift in Sources */ = {isa = PBXBuildFile; fileRef = 27732D4826AE01090013654F /* GameScene+Camera.swift */; };
		940D76C826B07F6900900F29 /* Early GameBoy.ttf in Resources */ = {isa = PBXBuildFile; fileRef = 940D76C726B07F6900900F29 /* Early GameBoy.ttf */; };
		94E6D59526ADD7E900B82E17 /* GameScene+Ground.swift in Sources */ = {isa = PBXBuildFile; fileRef = 94E6D59426ADD7E900B82E17 /* GameScene+Ground.swift */; };
		9C05885026A209A50014AA23 /* MainMenuScene.swift in Sources */ = {isa = PBXBuildFile; fileRef = 9C05884F26A209A50014AA23 /* MainMenuScene.swift */; };
		9C05885226A209D20014AA23 /* ActionManage.swift in Sources */ = {isa = PBXBuildFile; fileRef = 9C05885126A209D20014AA23 /* ActionManage.swift */; };
		9C05885526A215C70014AA23 /* GameKit.framework in Frameworks */ = {isa = PBXBuildFile; fileRef = 9C05885426A215C70014AA23 /* GameKit.framework */; };
		9C198ECC26AF822E00254DEC /* SoundGameStarted.wav in Resources */ = {isa = PBXBuildFile; fileRef = 9C198ECB26AF822E00254DEC /* SoundGameStarted.wav */; };
		9C198ECE26AF829600254DEC /* SoundMainMenu.wav in Resources */ = {isa = PBXBuildFile; fileRef = 9C198ECD26AF829600254DEC /* SoundMainMenu.wav */; };
		9C198ED026AFA6B400254DEC /* SoundCandieCollected.wav in Resources */ = {isa = PBXBuildFile; fileRef = 9C198ECF26AFA6B400254DEC /* SoundCandieCollected.wav */; };
		9C198ED826B08A5E00254DEC /* Sound8bitGameStarted.wav in Resources */ = {isa = PBXBuildFile; fileRef = 9C198ED726B08A5E00254DEC /* Sound8bitGameStarted.wav */; };
		9C198EDA26B08AC800254DEC /* Sound8bitMainMenu.wav in Resources */ = {isa = PBXBuildFile; fileRef = 9C198ED926B08AC800254DEC /* Sound8bitMainMenu.wav */; };
		9C96E977269E459F0044B930 /* GameScene+Mechanics.swift in Sources */ = {isa = PBXBuildFile; fileRef = 9C96E976269E459F0044B930 /* GameScene+Mechanics.swift */; };
		9E33815026B038F700B97EAB /* GameScene+HUD.swift in Sources */ = {isa = PBXBuildFile; fileRef = 9E33814F26B038F700B97EAB /* GameScene+HUD.swift */; };
		9E7F7A95269CFFDE0062CC06 /* AppDelegate.swift in Sources */ = {isa = PBXBuildFile; fileRef = 9E7F7A94269CFFDE0062CC06 /* AppDelegate.swift */; };
		9E7F7A97269CFFDE0062CC06 /* GameScene.sks in Resources */ = {isa = PBXBuildFile; fileRef = 9E7F7A96269CFFDE0062CC06 /* GameScene.sks */; };
		9E7F7A99269CFFDE0062CC06 /* Actions.sks in Resources */ = {isa = PBXBuildFile; fileRef = 9E7F7A98269CFFDE0062CC06 /* Actions.sks */; };
		9E7F7A9B269CFFDE0062CC06 /* GameScene.swift in Sources */ = {isa = PBXBuildFile; fileRef = 9E7F7A9A269CFFDE0062CC06 /* GameScene.swift */; };
		9E7F7A9D269CFFDE0062CC06 /* GameViewController.swift in Sources */ = {isa = PBXBuildFile; fileRef = 9E7F7A9C269CFFDE0062CC06 /* GameViewController.swift */; };
		9E7F7AA0269CFFDE0062CC06 /* Main.storyboard in Resources */ = {isa = PBXBuildFile; fileRef = 9E7F7A9E269CFFDE0062CC06 /* Main.storyboard */; };
		9E7F7AA2269CFFE10062CC06 /* Assets.xcassets in Resources */ = {isa = PBXBuildFile; fileRef = 9E7F7AA1269CFFE10062CC06 /* Assets.xcassets */; };
		9E7F7AB0269D0F060062CC06 /* Player.swift in Sources */ = {isa = PBXBuildFile; fileRef = 9E7F7AAF269D0F060062CC06 /* Player.swift */; };
		9E8407C6269FDB9300846CE3 /* GameScene+BackGrounds.swift in Sources */ = {isa = PBXBuildFile; fileRef = 9E8407C5269FDB9300846CE3 /* GameScene+BackGrounds.swift */; };
		9E906A5426A1D68E0026B7A7 /* GameScene+Physics.swift in Sources */ = {isa = PBXBuildFile; fileRef = 9E906A5326A1D68E0026B7A7 /* GameScene+Physics.swift */; };
		9E906A5626A1D6E50026B7A7 /* GameScene+EnemyGenerator.swift in Sources */ = {isa = PBXBuildFile; fileRef = 9E906A5526A1D6E50026B7A7 /* GameScene+EnemyGenerator.swift */; };
		9ED45EBE26AB8032002B33F5 /* Enemy.swift in Sources */ = {isa = PBXBuildFile; fileRef = 9ED45EBD26AB8032002B33F5 /* Enemy.swift */; };
		9ED45EC626ADDDE7002B33F5 /* Grounds.swift in Sources */ = {isa = PBXBuildFile; fileRef = 9ED45EC526ADDDE7002B33F5 /* Grounds.swift */; };
		9ED45EC826ADF5FF002B33F5 /* Candy.swift in Sources */ = {isa = PBXBuildFile; fileRef = 9ED45EC726ADF5FF002B33F5 /* Candy.swift */; };
		9ED45ECA26ADF74F002B33F5 /* GameScene+Candy.swift in Sources */ = {isa = PBXBuildFile; fileRef = 9ED45EC926ADF74F002B33F5 /* GameScene+Candy.swift */; };
		C6D7518026B07D2000D7A116 /* GameViewController+GKGameCenterControllerDelegate.swift in Sources */ = {isa = PBXBuildFile; fileRef = C6D7517F26B07D2000D7A116 /* GameViewController+GKGameCenterControllerDelegate.swift */; };
/* End PBXBuildFile section */

/* Begin PBXFileReference section */
		27732D4826AE01090013654F /* GameScene+Camera.swift */ = {isa = PBXFileReference; lastKnownFileType = sourcecode.swift; path = "GameScene+Camera.swift"; sourceTree = "<group>"; };
		940D76C726B07F6900900F29 /* Early GameBoy.ttf */ = {isa = PBXFileReference; lastKnownFileType = file; name = "Early GameBoy.ttf"; path = "../../../../../Downloads/Early GameBoy.ttf"; sourceTree = "<group>"; };
		94E6D59426ADD7E900B82E17 /* GameScene+Ground.swift */ = {isa = PBXFileReference; lastKnownFileType = sourcecode.swift; path = "GameScene+Ground.swift"; sourceTree = "<group>"; };
		9C05884F26A209A50014AA23 /* MainMenuScene.swift */ = {isa = PBXFileReference; lastKnownFileType = sourcecode.swift; path = MainMenuScene.swift; sourceTree = "<group>"; };
		9C05885126A209D20014AA23 /* ActionManage.swift */ = {isa = PBXFileReference; lastKnownFileType = sourcecode.swift; path = ActionManage.swift; sourceTree = "<group>"; };
		9C05885426A215C70014AA23 /* GameKit.framework */ = {isa = PBXFileReference; lastKnownFileType = wrapper.framework; name = GameKit.framework; path = System/Library/Frameworks/GameKit.framework; sourceTree = SDKROOT; };
		9C198ECB26AF822E00254DEC /* SoundGameStarted.wav */ = {isa = PBXFileReference; lastKnownFileType = audio.wav; name = SoundGameStarted.wav; path = Sounds/SoundGameStarted.wav; sourceTree = SOURCE_ROOT; };
		9C198ECD26AF829600254DEC /* SoundMainMenu.wav */ = {isa = PBXFileReference; lastKnownFileType = audio.wav; name = SoundMainMenu.wav; path = Sounds/SoundMainMenu.wav; sourceTree = SOURCE_ROOT; };
		9C198ECF26AFA6B400254DEC /* SoundCandieCollected.wav */ = {isa = PBXFileReference; lastKnownFileType = audio.wav; name = SoundCandieCollected.wav; path = Sounds/SoundCandieCollected.wav; sourceTree = SOURCE_ROOT; };
		9C198ED726B08A5E00254DEC /* Sound8bitGameStarted.wav */ = {isa = PBXFileReference; lastKnownFileType = audio.wav; name = Sound8bitGameStarted.wav; path = Sounds/Sound8bitGameStarted.wav; sourceTree = SOURCE_ROOT; };
		9C198ED926B08AC800254DEC /* Sound8bitMainMenu.wav */ = {isa = PBXFileReference; lastKnownFileType = audio.wav; name = Sound8bitMainMenu.wav; path = Sounds/Sound8bitMainMenu.wav; sourceTree = SOURCE_ROOT; };
		9C96E976269E459F0044B930 /* GameScene+Mechanics.swift */ = {isa = PBXFileReference; lastKnownFileType = sourcecode.swift; path = "GameScene+Mechanics.swift"; sourceTree = "<group>"; };
		9E33814F26B038F700B97EAB /* GameScene+HUD.swift */ = {isa = PBXFileReference; lastKnownFileType = sourcecode.swift; path = "GameScene+HUD.swift"; sourceTree = "<group>"; };
		9E7F7A91269CFFDE0062CC06 /* Mini1_InfiniteRunner.app */ = {isa = PBXFileReference; explicitFileType = wrapper.application; includeInIndex = 0; path = Mini1_InfiniteRunner.app; sourceTree = BUILT_PRODUCTS_DIR; };
		9E7F7A94269CFFDE0062CC06 /* AppDelegate.swift */ = {isa = PBXFileReference; lastKnownFileType = sourcecode.swift; path = AppDelegate.swift; sourceTree = "<group>"; };
		9E7F7A96269CFFDE0062CC06 /* GameScene.sks */ = {isa = PBXFileReference; lastKnownFileType = file.sks; path = GameScene.sks; sourceTree = "<group>"; };
		9E7F7A98269CFFDE0062CC06 /* Actions.sks */ = {isa = PBXFileReference; lastKnownFileType = file.sks; path = Actions.sks; sourceTree = "<group>"; };
		9E7F7A9A269CFFDE0062CC06 /* GameScene.swift */ = {isa = PBXFileReference; lastKnownFileType = sourcecode.swift; path = GameScene.swift; sourceTree = "<group>"; };
		9E7F7A9C269CFFDE0062CC06 /* GameViewController.swift */ = {isa = PBXFileReference; lastKnownFileType = sourcecode.swift; path = GameViewController.swift; sourceTree = "<group>"; };
		9E7F7A9F269CFFDE0062CC06 /* Base */ = {isa = PBXFileReference; lastKnownFileType = file.storyboard; name = Base; path = Base.lproj/Main.storyboard; sourceTree = "<group>"; };
		9E7F7AA1269CFFE10062CC06 /* Assets.xcassets */ = {isa = PBXFileReference; lastKnownFileType = folder.assetcatalog; path = Assets.xcassets; sourceTree = "<group>"; };
		9E7F7AA3269CFFE10062CC06 /* Info.plist */ = {isa = PBXFileReference; lastKnownFileType = text.plist.xml; path = Info.plist; sourceTree = "<group>"; };
		9E7F7AAF269D0F060062CC06 /* Player.swift */ = {isa = PBXFileReference; lastKnownFileType = sourcecode.swift; path = Player.swift; sourceTree = "<group>"; };
		9E8407C5269FDB9300846CE3 /* GameScene+BackGrounds.swift */ = {isa = PBXFileReference; lastKnownFileType = sourcecode.swift; path = "GameScene+BackGrounds.swift"; sourceTree = "<group>"; };
		9E906A5326A1D68E0026B7A7 /* GameScene+Physics.swift */ = {isa = PBXFileReference; lastKnownFileType = sourcecode.swift; path = "GameScene+Physics.swift"; sourceTree = "<group>"; };
		9E906A5526A1D6E50026B7A7 /* GameScene+EnemyGenerator.swift */ = {isa = PBXFileReference; lastKnownFileType = sourcecode.swift; path = "GameScene+EnemyGenerator.swift"; sourceTree = "<group>"; };
		9ED45EBD26AB8032002B33F5 /* Enemy.swift */ = {isa = PBXFileReference; lastKnownFileType = sourcecode.swift; path = Enemy.swift; sourceTree = "<group>"; };
		9ED45EC526ADDDE7002B33F5 /* Grounds.swift */ = {isa = PBXFileReference; lastKnownFileType = sourcecode.swift; path = Grounds.swift; sourceTree = "<group>"; };
		9ED45EC726ADF5FF002B33F5 /* Candy.swift */ = {isa = PBXFileReference; lastKnownFileType = sourcecode.swift; path = Candy.swift; sourceTree = "<group>"; };
		9ED45EC926ADF74F002B33F5 /* GameScene+Candy.swift */ = {isa = PBXFileReference; lastKnownFileType = sourcecode.swift; path = "GameScene+Candy.swift"; sourceTree = "<group>"; };
		C6D7517F26B07D2000D7A116 /* GameViewController+GKGameCenterControllerDelegate.swift */ = {isa = PBXFileReference; lastKnownFileType = sourcecode.swift; path = "GameViewController+GKGameCenterControllerDelegate.swift"; sourceTree = "<group>"; };
/* End PBXFileReference section */

/* Begin PBXFrameworksBuildPhase section */
		9E7F7A8E269CFFDE0062CC06 /* Frameworks */ = {
			isa = PBXFrameworksBuildPhase;
			buildActionMask = 2147483647;
			files = (
				9C05885526A215C70014AA23 /* GameKit.framework in Frameworks */,
			);
			runOnlyForDeploymentPostprocessing = 0;
		};
/* End PBXFrameworksBuildPhase section */

/* Begin PBXGroup section */
		940D76C626B07EE300900F29 /* Fonts */ = {
			isa = PBXGroup;
			children = (
				940D76C726B07F6900900F29 /* Early GameBoy.ttf */,
			);
			path = Fonts;
			sourceTree = "<group>";
		};
		9C05885326A215C70014AA23 /* Frameworks */ = {
			isa = PBXGroup;
			children = (
				9C05885426A215C70014AA23 /* GameKit.framework */,
			);
			name = Frameworks;
			sourceTree = "<group>";
		};
		9E7F7A88269CFFDE0062CC06 = {
			isa = PBXGroup;
			children = (
				9E7F7A93269CFFDE0062CC06 /* Mini1_InfiniteRunner */,
				9E7F7A92269CFFDE0062CC06 /* Products */,
				9C05885326A215C70014AA23 /* Frameworks */,
			);
			sourceTree = "<group>";
		};
		9E7F7A92269CFFDE0062CC06 /* Products */ = {
			isa = PBXGroup;
			children = (
				9E7F7A91269CFFDE0062CC06 /* Mini1_InfiniteRunner.app */,
			);
			name = Products;
			sourceTree = "<group>";
		};
		9E7F7A93269CFFDE0062CC06 /* Mini1_InfiniteRunner */ = {
			isa = PBXGroup;
			children = (
				9E7F7A9A269CFFDE0062CC06 /* GameScene.swift */,
				9C05885126A209D20014AA23 /* ActionManage.swift */,
				9C05884F26A209A50014AA23 /* MainMenuScene.swift */,
				9E7F7AAD269D01960062CC06 /* Entities */,
				9E7F7AAA269D013E0062CC06 /* Resources */,
				9E7F7AA9269D00B90062CC06 /* Core */,
				9E7F7AA1269CFFE10062CC06 /* Assets.xcassets */,
				9E7F7AA3269CFFE10062CC06 /* Info.plist */,
			);
			path = Mini1_InfiniteRunner;
			sourceTree = "<group>";
		};
		9E7F7AA9269D00B90062CC06 /* Core */ = {
			isa = PBXGroup;
			children = (
				9E7F7AAC269D016E0062CC06 /* Extensions */,
				9E906A5726A1D7D50026B7A7 /* Others */,
			);
			path = Core;
			sourceTree = "<group>";
		};
		9E7F7AAA269D013E0062CC06 /* Resources */ = {
			isa = PBXGroup;
			children = (
				940D76C626B07EE300900F29 /* Fonts */,
				9E7F7AAB269D01590062CC06 /* Sounds */,
			);
			path = Resources;
			sourceTree = "<group>";
		};
		9E7F7AAB269D01590062CC06 /* Sounds */ = {
			isa = PBXGroup;
			children = (
				9C198ED926B08AC800254DEC /* Sound8bitMainMenu.wav */,
				9C198ED726B08A5E00254DEC /* Sound8bitGameStarted.wav */,
				9C198ECF26AFA6B400254DEC /* SoundCandieCollected.wav */,
				9C198ECB26AF822E00254DEC /* SoundGameStarted.wav */,
				9C198ECD26AF829600254DEC /* SoundMainMenu.wav */,
			);
			path = Sounds;
			sourceTree = "<group>";
		};
		9E7F7AAC269D016E0062CC06 /* Extensions */ = {
			isa = PBXGroup;
			children = (
				9C96E976269E459F0044B930 /* GameScene+Mechanics.swift */,
				9E906A5326A1D68E0026B7A7 /* GameScene+Physics.swift */,
				94E6D59426ADD7E900B82E17 /* GameScene+Ground.swift */,
				9E8407C5269FDB9300846CE3 /* GameScene+BackGrounds.swift */,
				9E906A5526A1D6E50026B7A7 /* GameScene+EnemyGenerator.swift */,
				9ED45EC926ADF74F002B33F5 /* GameScene+Candy.swift */,
				27732D4826AE01090013654F /* GameScene+Camera.swift */,
				9E33814F26B038F700B97EAB /* GameScene+HUD.swift */,
			);
			path = Extensions;
			sourceTree = "<group>";
		};
		9E7F7AAD269D01960062CC06 /* Entities */ = {
			isa = PBXGroup;
			children = (
				9E7F7AAF269D0F060062CC06 /* Player.swift */,
				9ED45EBD26AB8032002B33F5 /* Enemy.swift */,
				9ED45EC526ADDDE7002B33F5 /* Grounds.swift */,
				9ED45EC726ADF5FF002B33F5 /* Candy.swift */,
			);
			path = Entities;
			sourceTree = "<group>";
		};
		9E906A5726A1D7D50026B7A7 /* Others */ = {
			isa = PBXGroup;
			children = (
				9E7F7A94269CFFDE0062CC06 /* AppDelegate.swift */,
				9E7F7A96269CFFDE0062CC06 /* GameScene.sks */,
				9E7F7A98269CFFDE0062CC06 /* Actions.sks */,
				9E7F7A9C269CFFDE0062CC06 /* GameViewController.swift */,
				C6D7517F26B07D2000D7A116 /* GameViewController+GKGameCenterControllerDelegate.swift */,
				9E7F7A9E269CFFDE0062CC06 /* Main.storyboard */,
			);
			path = Others;
			sourceTree = "<group>";
		};
/* End PBXGroup section */

/* Begin PBXNativeTarget section */
		9E7F7A90269CFFDE0062CC06 /* Mini1_InfiniteRunner */ = {
			isa = PBXNativeTarget;
			buildConfigurationList = 9E7F7AA6269CFFE10062CC06 /* Build configuration list for PBXNativeTarget "Mini1_InfiniteRunner" */;
			buildPhases = (
				9E7F7A8D269CFFDE0062CC06 /* Sources */,
				9E7F7A8E269CFFDE0062CC06 /* Frameworks */,
				9E7F7A8F269CFFDE0062CC06 /* Resources */,
			);
			buildRules = (
			);
			dependencies = (
			);
			name = Mini1_InfiniteRunner;
			productName = Mini1_InfiniteRunner;
			productReference = 9E7F7A91269CFFDE0062CC06 /* Mini1_InfiniteRunner.app */;
			productType = "com.apple.product-type.application";
		};
/* End PBXNativeTarget section */

/* Begin PBXProject section */
		9E7F7A89269CFFDE0062CC06 /* Project object */ = {
			isa = PBXProject;
			attributes = {
				LastSwiftUpdateCheck = 1250;
				LastUpgradeCheck = 1250;
				TargetAttributes = {
					9E7F7A90269CFFDE0062CC06 = {
						CreatedOnToolsVersion = 12.5.1;
					};
				};
			};
			buildConfigurationList = 9E7F7A8C269CFFDE0062CC06 /* Build configuration list for PBXProject "Mini1_InfiniteRunner" */;
			compatibilityVersion = "Xcode 9.3";
			developmentRegion = en;
			hasScannedForEncodings = 0;
			knownRegions = (
				en,
				Base,
			);
			mainGroup = 9E7F7A88269CFFDE0062CC06;
			productRefGroup = 9E7F7A92269CFFDE0062CC06 /* Products */;
			projectDirPath = "";
			projectRoot = "";
			targets = (
				9E7F7A90269CFFDE0062CC06 /* Mini1_InfiniteRunner */,
			);
		};
/* End PBXProject section */

/* Begin PBXResourcesBuildPhase section */
		9E7F7A8F269CFFDE0062CC06 /* Resources */ = {
			isa = PBXResourcesBuildPhase;
			buildActionMask = 2147483647;
			files = (
				9E7F7AA0269CFFDE0062CC06 /* Main.storyboard in Resources */,
				9C198EDA26B08AC800254DEC /* Sound8bitMainMenu.wav in Resources */,
				9C198ED826B08A5E00254DEC /* Sound8bitGameStarted.wav in Resources */,
				9C198ECC26AF822E00254DEC /* SoundGameStarted.wav in Resources */,
				9E7F7A97269CFFDE0062CC06 /* GameScene.sks in Resources */,
				9E7F7AA2269CFFE10062CC06 /* Assets.xcassets in Resources */,
				9C198ECE26AF829600254DEC /* SoundMainMenu.wav in Resources */,
				9E7F7A99269CFFDE0062CC06 /* Actions.sks in Resources */,
				940D76C826B07F6900900F29 /* Early GameBoy.ttf in Resources */,
				9C198ED026AFA6B400254DEC /* SoundCandieCollected.wav in Resources */,
			);
			runOnlyForDeploymentPostprocessing = 0;
		};
/* End PBXResourcesBuildPhase section */

/* Begin PBXSourcesBuildPhase section */
		9E7F7A8D269CFFDE0062CC06 /* Sources */ = {
			isa = PBXSourcesBuildPhase;
			buildActionMask = 2147483647;
			files = (
				9C05885026A209A50014AA23 /* MainMenuScene.swift in Sources */,
				9E906A5426A1D68E0026B7A7 /* GameScene+Physics.swift in Sources */,
				94E6D59526ADD7E900B82E17 /* GameScene+Ground.swift in Sources */,
				9E7F7AB0269D0F060062CC06 /* Player.swift in Sources */,
				9E7F7A9B269CFFDE0062CC06 /* GameScene.swift in Sources */,
				9C05885226A209D20014AA23 /* ActionManage.swift in Sources */,
				9E33815026B038F700B97EAB /* GameScene+HUD.swift in Sources */,
				9E8407C6269FDB9300846CE3 /* GameScene+BackGrounds.swift in Sources */,
				C6D7518026B07D2000D7A116 /* GameViewController+GKGameCenterControllerDelegate.swift in Sources */,
				9E7F7A9D269CFFDE0062CC06 /* GameViewController.swift in Sources */,
				9ED45EBE26AB8032002B33F5 /* Enemy.swift in Sources */,
				9ED45EC826ADF5FF002B33F5 /* Candy.swift in Sources */,
				9ED45EC626ADDDE7002B33F5 /* Grounds.swift in Sources */,
				9C96E977269E459F0044B930 /* GameScene+Mechanics.swift in Sources */,
				9ED45ECA26ADF74F002B33F5 /* GameScene+Candy.swift in Sources */,
				27732D4926AE01090013654F /* GameScene+Camera.swift in Sources */,
				9E7F7A95269CFFDE0062CC06 /* AppDelegate.swift in Sources */,
				9E906A5626A1D6E50026B7A7 /* GameScene+EnemyGenerator.swift in Sources */,
			);
			runOnlyForDeploymentPostprocessing = 0;
		};
/* End PBXSourcesBuildPhase section */

/* Begin PBXVariantGroup section */
		9E7F7A9E269CFFDE0062CC06 /* Main.storyboard */ = {
			isa = PBXVariantGroup;
			children = (
				9E7F7A9F269CFFDE0062CC06 /* Base */,
			);
			name = Main.storyboard;
			sourceTree = "<group>";
		};
/* End PBXVariantGroup section */

/* Begin XCBuildConfiguration section */
		9E7F7AA4269CFFE10062CC06 /* Debug */ = {
			isa = XCBuildConfiguration;
			buildSettings = {
				ALWAYS_SEARCH_USER_PATHS = NO;
				CLANG_ANALYZER_NONNULL = YES;
				CLANG_ANALYZER_NUMBER_OBJECT_CONVERSION = YES_AGGRESSIVE;
				CLANG_CXX_LANGUAGE_STANDARD = "gnu++14";
				CLANG_CXX_LIBRARY = "libc++";
				CLANG_ENABLE_MODULES = YES;
				CLANG_ENABLE_OBJC_ARC = YES;
				CLANG_ENABLE_OBJC_WEAK = YES;
				CLANG_WARN_BLOCK_CAPTURE_AUTORELEASING = YES;
				CLANG_WARN_BOOL_CONVERSION = YES;
				CLANG_WARN_COMMA = YES;
				CLANG_WARN_CONSTANT_CONVERSION = YES;
				CLANG_WARN_DEPRECATED_OBJC_IMPLEMENTATIONS = YES;
				CLANG_WARN_DIRECT_OBJC_ISA_USAGE = YES_ERROR;
				CLANG_WARN_DOCUMENTATION_COMMENTS = YES;
				CLANG_WARN_EMPTY_BODY = YES;
				CLANG_WARN_ENUM_CONVERSION = YES;
				CLANG_WARN_INFINITE_RECURSION = YES;
				CLANG_WARN_INT_CONVERSION = YES;
				CLANG_WARN_NON_LITERAL_NULL_CONVERSION = YES;
				CLANG_WARN_OBJC_IMPLICIT_RETAIN_SELF = YES;
				CLANG_WARN_OBJC_LITERAL_CONVERSION = YES;
				CLANG_WARN_OBJC_ROOT_CLASS = YES_ERROR;
				CLANG_WARN_QUOTED_INCLUDE_IN_FRAMEWORK_HEADER = YES;
				CLANG_WARN_RANGE_LOOP_ANALYSIS = YES;
				CLANG_WARN_STRICT_PROTOTYPES = YES;
				CLANG_WARN_SUSPICIOUS_MOVE = YES;
				CLANG_WARN_UNGUARDED_AVAILABILITY = YES_AGGRESSIVE;
				CLANG_WARN_UNREACHABLE_CODE = YES;
				CLANG_WARN__DUPLICATE_METHOD_MATCH = YES;
				COPY_PHASE_STRIP = NO;
				DEBUG_INFORMATION_FORMAT = dwarf;
				ENABLE_STRICT_OBJC_MSGSEND = YES;
				ENABLE_TESTABILITY = YES;
				GCC_C_LANGUAGE_STANDARD = gnu11;
				GCC_DYNAMIC_NO_PIC = NO;
				GCC_NO_COMMON_BLOCKS = YES;
				GCC_OPTIMIZATION_LEVEL = 0;
				GCC_PREPROCESSOR_DEFINITIONS = (
					"DEBUG=1",
					"$(inherited)",
				);
				GCC_WARN_64_TO_32_BIT_CONVERSION = YES;
				GCC_WARN_ABOUT_RETURN_TYPE = YES_ERROR;
				GCC_WARN_UNDECLARED_SELECTOR = YES;
				GCC_WARN_UNINITIALIZED_AUTOS = YES_AGGRESSIVE;
				GCC_WARN_UNUSED_FUNCTION = YES;
				GCC_WARN_UNUSED_VARIABLE = YES;
				IPHONEOS_DEPLOYMENT_TARGET = 14.5;
				MTL_ENABLE_DEBUG_INFO = INCLUDE_SOURCE;
				MTL_FAST_MATH = YES;
				NEW_SETTING = "";
				ONLY_ACTIVE_ARCH = YES;
				SDKROOT = iphoneos;
				SWIFT_ACTIVE_COMPILATION_CONDITIONS = DEBUG;
				SWIFT_OPTIMIZATION_LEVEL = "-Onone";
			};
			name = Debug;
		};
		9E7F7AA5269CFFE10062CC06 /* Release */ = {
			isa = XCBuildConfiguration;
			buildSettings = {
				ALWAYS_SEARCH_USER_PATHS = NO;
				CLANG_ANALYZER_NONNULL = YES;
				CLANG_ANALYZER_NUMBER_OBJECT_CONVERSION = YES_AGGRESSIVE;
				CLANG_CXX_LANGUAGE_STANDARD = "gnu++14";
				CLANG_CXX_LIBRARY = "libc++";
				CLANG_ENABLE_MODULES = YES;
				CLANG_ENABLE_OBJC_ARC = YES;
				CLANG_ENABLE_OBJC_WEAK = YES;
				CLANG_WARN_BLOCK_CAPTURE_AUTORELEASING = YES;
				CLANG_WARN_BOOL_CONVERSION = YES;
				CLANG_WARN_COMMA = YES;
				CLANG_WARN_CONSTANT_CONVERSION = YES;
				CLANG_WARN_DEPRECATED_OBJC_IMPLEMENTATIONS = YES;
				CLANG_WARN_DIRECT_OBJC_ISA_USAGE = YES_ERROR;
				CLANG_WARN_DOCUMENTATION_COMMENTS = YES;
				CLANG_WARN_EMPTY_BODY = YES;
				CLANG_WARN_ENUM_CONVERSION = YES;
				CLANG_WARN_INFINITE_RECURSION = YES;
				CLANG_WARN_INT_CONVERSION = YES;
				CLANG_WARN_NON_LITERAL_NULL_CONVERSION = YES;
				CLANG_WARN_OBJC_IMPLICIT_RETAIN_SELF = YES;
				CLANG_WARN_OBJC_LITERAL_CONVERSION = YES;
				CLANG_WARN_OBJC_ROOT_CLASS = YES_ERROR;
				CLANG_WARN_QUOTED_INCLUDE_IN_FRAMEWORK_HEADER = YES;
				CLANG_WARN_RANGE_LOOP_ANALYSIS = YES;
				CLANG_WARN_STRICT_PROTOTYPES = YES;
				CLANG_WARN_SUSPICIOUS_MOVE = YES;
				CLANG_WARN_UNGUARDED_AVAILABILITY = YES_AGGRESSIVE;
				CLANG_WARN_UNREACHABLE_CODE = YES;
				CLANG_WARN__DUPLICATE_METHOD_MATCH = YES;
				COPY_PHASE_STRIP = NO;
				DEBUG_INFORMATION_FORMAT = "dwarf-with-dsym";
				ENABLE_NS_ASSERTIONS = NO;
				ENABLE_STRICT_OBJC_MSGSEND = YES;
				GCC_C_LANGUAGE_STANDARD = gnu11;
				GCC_NO_COMMON_BLOCKS = YES;
				GCC_WARN_64_TO_32_BIT_CONVERSION = YES;
				GCC_WARN_ABOUT_RETURN_TYPE = YES_ERROR;
				GCC_WARN_UNDECLARED_SELECTOR = YES;
				GCC_WARN_UNINITIALIZED_AUTOS = YES_AGGRESSIVE;
				GCC_WARN_UNUSED_FUNCTION = YES;
				GCC_WARN_UNUSED_VARIABLE = YES;
				IPHONEOS_DEPLOYMENT_TARGET = 14.5;
				MTL_ENABLE_DEBUG_INFO = NO;
				MTL_FAST_MATH = YES;
				NEW_SETTING = "";
				SDKROOT = iphoneos;
				SWIFT_COMPILATION_MODE = wholemodule;
				SWIFT_OPTIMIZATION_LEVEL = "-O";
				VALIDATE_PRODUCT = YES;
			};
			name = Release;
		};
		9E7F7AA7269CFFE10062CC06 /* Debug */ = {
			isa = XCBuildConfiguration;
			buildSettings = {
				ASSETCATALOG_COMPILER_APPICON_NAME = AppIcon;
				ASSETCATALOG_COMPILER_GLOBAL_ACCENT_COLOR_NAME = AccentColor;
				CODE_SIGN_STYLE = Automatic;
				DEVELOPMENT_TEAM = H77RA5JQW6;
				INFOPLIST_FILE = Mini1_InfiniteRunner/Info.plist;
				LD_RUNPATH_SEARCH_PATHS = (
					"$(inherited)",
					"@executable_path/Frameworks",
				);
				PRODUCT_BUNDLE_IDENTIFIER = com.team10.Mini1;
				PRODUCT_NAME = "$(TARGET_NAME)";
				SWIFT_VERSION = 5.0;
				TARGETED_DEVICE_FAMILY = 1;
			};
			name = Debug;
		};
		9E7F7AA8269CFFE10062CC06 /* Release */ = {
			isa = XCBuildConfiguration;
			buildSettings = {
				ASSETCATALOG_COMPILER_APPICON_NAME = AppIcon;
				ASSETCATALOG_COMPILER_GLOBAL_ACCENT_COLOR_NAME = AccentColor;
				CODE_SIGN_STYLE = Automatic;
				DEVELOPMENT_TEAM = H77RA5JQW6;
				INFOPLIST_FILE = Mini1_InfiniteRunner/Info.plist;
				LD_RUNPATH_SEARCH_PATHS = (
					"$(inherited)",
					"@executable_path/Frameworks",
				);
				PRODUCT_BUNDLE_IDENTIFIER = com.team10.Mini1;
				PRODUCT_NAME = "$(TARGET_NAME)";
				SWIFT_VERSION = 5.0;
				TARGETED_DEVICE_FAMILY = 1;
			};
			name = Release;
		};
/* End XCBuildConfiguration section */

/* Begin XCConfigurationList section */
		9E7F7A8C269CFFDE0062CC06 /* Build configuration list for PBXProject "Mini1_InfiniteRunner" */ = {
			isa = XCConfigurationList;
			buildConfigurations = (
				9E7F7AA4269CFFE10062CC06 /* Debug */,
				9E7F7AA5269CFFE10062CC06 /* Release */,
			);
			defaultConfigurationIsVisible = 0;
			defaultConfigurationName = Release;
		};
		9E7F7AA6269CFFE10062CC06 /* Build configuration list for PBXNativeTarget "Mini1_InfiniteRunner" */ = {
			isa = XCConfigurationList;
			buildConfigurations = (
				9E7F7AA7269CFFE10062CC06 /* Debug */,
				9E7F7AA8269CFFE10062CC06 /* Release */,
			);
			defaultConfigurationIsVisible = 0;
			defaultConfigurationName = Release;
		};
/* End XCConfigurationList section */
	};
	rootObject = 9E7F7A89269CFFDE0062CC06 /* Project object */;
}
